// !$*UTF8*$!
{
	archiveVersion = 1;
	classes = {
	};
	objectVersion = 46;
	objects = {

/* Begin PBXBuildFile section */
		58376274344B47264FAA1897 /* Definitions.swift in Sources */ = {isa = PBXBuildFile; fileRef = 58376DAE8182D2A408919869 /* Definitions.swift */; };
		583763EE592D53146949F726 /* Preview Assets.xcassets in Resources */ = {isa = PBXBuildFile; fileRef = 583766509F61FC817A3AFD2D /* Preview Assets.xcassets */; };
		583768AB65349D345BB1E202 /* TrustshareView.swift in Sources */ = {isa = PBXBuildFile; fileRef = 583764D64D822228C975FBF3 /* TrustshareView.swift */; };
		58376978E87B8D3C1B791BAB /* ios_integration_exampleApp.swift in Sources */ = {isa = PBXBuildFile; fileRef = 5837655019CB7DFDEAF8D7AE /* ios_integration_exampleApp.swift */; };
		583769A7CD3B0C422080D914 /* ContentView.swift in Sources */ = {isa = PBXBuildFile; fileRef = 58376783503B4CEAC2CCF5DA /* ContentView.swift */; };
		58376EE876A173BF56DCCD26 /* Assets.xcassets in Resources */ = {isa = PBXBuildFile; fileRef = 583769B521615259ED979318 /* Assets.xcassets */; };
/* End PBXBuildFile section */

/* Begin PBXFileReference section */
		583763DE2905069366670763 /* Info.plist */ = {isa = PBXFileReference; lastKnownFileType = text.plist.info; path = Info.plist; sourceTree = "<group>"; };
		583764D64D822228C975FBF3 /* TrustshareView.swift */ = {isa = PBXFileReference; fileEncoding = 4; lastKnownFileType = sourcecode.swift; path = TrustshareView.swift; sourceTree = "<group>"; };
		5837655019CB7DFDEAF8D7AE /* ios_integration_exampleApp.swift */ = {isa = PBXFileReference; lastKnownFileType = sourcecode.swift; path = ios_integration_exampleApp.swift; sourceTree = "<group>"; };
		583766509F61FC817A3AFD2D /* Preview Assets.xcassets */ = {isa = PBXFileReference; lastKnownFileType = folder.assetcatalog; path = "Preview Assets.xcassets"; sourceTree = "<group>"; };
		58376783503B4CEAC2CCF5DA /* ContentView.swift */ = {isa = PBXFileReference; lastKnownFileType = sourcecode.swift; path = ContentView.swift; sourceTree = "<group>"; };
		583769B521615259ED979318 /* Assets.xcassets */ = {isa = PBXFileReference; lastKnownFileType = folder.assetcatalog; path = Assets.xcassets; sourceTree = "<group>"; };
		58376B339F3554398AEA16A8 /* ios-integration-example.app */ = {isa = PBXFileReference; explicitFileType = wrapper.application; includeInIndex = 0; path = "ios-integration-example.app"; sourceTree = BUILT_PRODUCTS_DIR; };
		58376DAE8182D2A408919869 /* Definitions.swift */ = {isa = PBXFileReference; fileEncoding = 4; lastKnownFileType = sourcecode.swift; path = Definitions.swift; sourceTree = "<group>"; };
/* End PBXFileReference section */

/* Begin PBXFrameworksBuildPhase section */
		583768BF4452B796DA448B68 /* Frameworks */ = {
			isa = PBXFrameworksBuildPhase;
			buildActionMask = 2147483647;
			files = (
			);
			runOnlyForDeploymentPostprocessing = 0;
		};
/* End PBXFrameworksBuildPhase section */

/* Begin PBXGroup section */
		58376270D502902B243BB453 /* Products */ = {
			isa = PBXGroup;
			children = (
				58376B339F3554398AEA16A8 /* ios-integration-example.app */,
			);
			name = Products;
			sourceTree = "<group>";
		};
		583765B3B92328CAEE18ADBE /* Preview Content */ = {
			isa = PBXGroup;
			children = (
				583766509F61FC817A3AFD2D /* Preview Assets.xcassets */,
			);
			path = "Preview Content";
			sourceTree = "<group>";
		};
		58376A79C773CC4DCAF97ABC = {
			isa = PBXGroup;
			children = (
				58376270D502902B243BB453 /* Products */,
				58376B03F2D4F16A6C210AF3 /* ios-integration-example */,
			);
			sourceTree = "<group>";
		};
		58376B03F2D4F16A6C210AF3 /* ios-integration-example */ = {
			isa = PBXGroup;
			children = (
				583763DE2905069366670763 /* Info.plist */,
				583769B521615259ED979318 /* Assets.xcassets */,
				583765B3B92328CAEE18ADBE /* Preview Content */,
				5837655019CB7DFDEAF8D7AE /* ios_integration_exampleApp.swift */,
				58376783503B4CEAC2CCF5DA /* ContentView.swift */,
				58376DAE8182D2A408919869 /* Definitions.swift */,
				583764D64D822228C975FBF3 /* TrustshareView.swift */,
			);
			path = "ios-integration-example";
			sourceTree = "<group>";
		};
/* End PBXGroup section */

/* Begin PBXNativeTarget section */
		583768CB6B95E4667E72BA51 /* ios-integration-example */ = {
			isa = PBXNativeTarget;
			buildConfigurationList = 58376403885101B9A92107F1 /* Build configuration list for PBXNativeTarget "ios-integration-example" */;
			buildPhases = (
				58376E87A8567D2DEBA63FD3 /* Sources */,
				583768BF4452B796DA448B68 /* Frameworks */,
				58376D44EC8DC9D3F9EF2170 /* Resources */,
			);
			buildRules = (
			);
			dependencies = (
			);
			name = "ios-integration-example";
			productName = "ios-integration-example";
			productReference = 58376B339F3554398AEA16A8 /* ios-integration-example.app */;
			productType = "com.apple.product-type.application";
		};
/* End PBXNativeTarget section */

/* Begin PBXProject section */
		5837679EE10F396D17E2E807 /* Project object */ = {
			isa = PBXProject;
			buildConfigurationList = 58376D7CB7255A05B6FCAEDA /* Build configuration list for PBXProject "ios-integration-example" */;
			compatibilityVersion = "Xcode 3.2";
			developmentRegion = English;
			hasScannedForEncodings = 0;
			knownRegions = (
				en,
			);
			mainGroup = 58376A79C773CC4DCAF97ABC;
			productRefGroup = 58376270D502902B243BB453 /* Products */;
			projectDirPath = "";
			projectRoot = "";
			targets = (
				583768CB6B95E4667E72BA51 /* ios-integration-example */,
			);
		};
/* End PBXProject section */

/* Begin PBXResourcesBuildPhase section */
		58376D44EC8DC9D3F9EF2170 /* Resources */ = {
			isa = PBXResourcesBuildPhase;
			buildActionMask = 2147483647;
			files = (
				58376EE876A173BF56DCCD26 /* Assets.xcassets in Resources */,
				583763EE592D53146949F726 /* Preview Assets.xcassets in Resources */,
			);
			runOnlyForDeploymentPostprocessing = 0;
		};
/* End PBXResourcesBuildPhase section */

/* Begin PBXSourcesBuildPhase section */
		58376E87A8567D2DEBA63FD3 /* Sources */ = {
			isa = PBXSourcesBuildPhase;
			buildActionMask = 2147483647;
			files = (
				58376978E87B8D3C1B791BAB /* ios_integration_exampleApp.swift in Sources */,
				583769A7CD3B0C422080D914 /* ContentView.swift in Sources */,
				58376274344B47264FAA1897 /* Definitions.swift in Sources */,
				583768AB65349D345BB1E202 /* TrustshareView.swift in Sources */,
			);
			runOnlyForDeploymentPostprocessing = 0;
		};
/* End PBXSourcesBuildPhase section */

/* Begin XCBuildConfiguration section */
		583760BB090255A03D97A4BB /* Debug */ = {
			isa = XCBuildConfiguration;
			buildSettings = {
				ALWAYS_SEARCH_USER_PATHS = NO;
				CLANG_ANALYZER_NONNULL = YES;
				CLANG_ANALYZER_NUMBER_OBJECT_CONVERSION = YES_AGGRESSIVE;
				CLANG_CXX_LANGUAGE_STANDARD = "gnu++14";
				CLANG_CXX_LIBRARY = "libc++";
				CLANG_ENABLE_MODULES = YES;
				CLANG_ENABLE_OBJC_ARC = YES;
				CLANG_ENABLE_OBJC_WEAK = YES;
				CLANG_WARN_BLOCK_CAPTURE_AUTORELEASING = YES;
				CLANG_WARN_BOOL_CONVERSION = YES;
				CLANG_WARN_COMMA = YES;
				CLANG_WARN_CONSTANT_CONVERSION = YES;
				CLANG_WARN_DEPRECATED_OBJC_IMPLEMENTATIONS = YES;
				CLANG_WARN_DIRECT_OBJC_ISA_USAGE = YES_ERROR;
				CLANG_WARN_DOCUMENTATION_COMMENTS = YES;
				CLANG_WARN_EMPTY_BODY = YES;
				CLANG_WARN_ENUM_CONVERSION = YES;
				CLANG_WARN_INFINITE_RECURSION = YES;
				CLANG_WARN_INT_CONVERSION = YES;
				CLANG_WARN_NON_LITERAL_NULL_CONVERSION = YES;
				CLANG_WARN_OBJC_IMPLICIT_RETAIN_SELF = YES;
				CLANG_WARN_OBJC_LITERAL_CONVERSION = YES;
				CLANG_WARN_OBJC_ROOT_CLASS = YES_ERROR;
				CLANG_WARN_QUOTED_INCLUDE_IN_FRAMEWORK_HEADER = YES;
				CLANG_WARN_RANGE_LOOP_ANALYSIS = YES;
				CLANG_WARN_STRICT_PROTOTYPES = YES;
				CLANG_WARN_SUSPICIOUS_MOVE = YES;
				CLANG_WARN_UNGUARDED_AVAILABILITY = YES_AGGRESSIVE;
				CLANG_WARN_UNREACHABLE_CODE = YES;
				CLANG_WARN__DUPLICATE_METHOD_MATCH = YES;
				COPY_PHASE_STRIP = NO;
				DEBUG_INFORMATION_FORMAT = dwarf;
				ENABLE_STRICT_OBJC_MSGSEND = YES;
				ENABLE_TESTABILITY = YES;
				GCC_C_LANGUAGE_STANDARD = gnu11;
				GCC_DYNAMIC_NO_PIC = NO;
				GCC_NO_COMMON_BLOCKS = YES;
				GCC_OPTIMIZATION_LEVEL = 0;
				GCC_PREPROCESSOR_DEFINITIONS = (
					"DEBUG=1",
					"$(inherited)",
				);
				GCC_WARN_64_TO_32_BIT_CONVERSION = YES;
				GCC_WARN_ABOUT_RETURN_TYPE = YES_ERROR;
				GCC_WARN_UNDECLARED_SELECTOR = YES;
				GCC_WARN_UNINITIALIZED_AUTOS = YES_AGGRESSIVE;
				GCC_WARN_UNUSED_FUNCTION = YES;
				GCC_WARN_UNUSED_VARIABLE = YES;
				IPHONEOS_DEPLOYMENT_TARGET = 14.4;
				MTL_ENABLE_DEBUG_INFO = INCLUDE_SOURCE;
				MTL_FAST_MATH = YES;
				ONLY_ACTIVE_ARCH = YES;
				SDKROOT = iphoneos;
				SWIFT_ACTIVE_COMPILATION_CONDITIONS = DEBUG;
				SWIFT_OPTIMIZATION_LEVEL = "-Onone";
			};
			name = Debug;
		};
		58376A4CFB3969E7520A61DB /* Release */ = {
			isa = XCBuildConfiguration;
			buildSettings = {
				ALWAYS_SEARCH_USER_PATHS = NO;
				CLANG_ANALYZER_NONNULL = YES;
				CLANG_ANALYZER_NUMBER_OBJECT_CONVERSION = YES_AGGRESSIVE;
				CLANG_CXX_LANGUAGE_STANDARD = "gnu++14";
				CLANG_CXX_LIBRARY = "libc++";
				CLANG_ENABLE_MODULES = YES;
				CLANG_ENABLE_OBJC_ARC = YES;
				CLANG_ENABLE_OBJC_WEAK = YES;
				CLANG_WARN_BLOCK_CAPTURE_AUTORELEASING = YES;
				CLANG_WARN_BOOL_CONVERSION = YES;
				CLANG_WARN_COMMA = YES;
				CLANG_WARN_CONSTANT_CONVERSION = YES;
				CLANG_WARN_DEPRECATED_OBJC_IMPLEMENTATIONS = YES;
				CLANG_WARN_DIRECT_OBJC_ISA_USAGE = YES_ERROR;
				CLANG_WARN_DOCUMENTATION_COMMENTS = YES;
				CLANG_WARN_EMPTY_BODY = YES;
				CLANG_WARN_ENUM_CONVERSION = YES;
				CLANG_WARN_INFINITE_RECURSION = YES;
				CLANG_WARN_INT_CONVERSION = YES;
				CLANG_WARN_NON_LITERAL_NULL_CONVERSION = YES;
				CLANG_WARN_OBJC_IMPLICIT_RETAIN_SELF = YES;
				CLANG_WARN_OBJC_LITERAL_CONVERSION = YES;
				CLANG_WARN_OBJC_ROOT_CLASS = YES_ERROR;
				CLANG_WARN_QUOTED_INCLUDE_IN_FRAMEWORK_HEADER = YES;
				CLANG_WARN_RANGE_LOOP_ANALYSIS = YES;
				CLANG_WARN_STRICT_PROTOTYPES = YES;
				CLANG_WARN_SUSPICIOUS_MOVE = YES;
				CLANG_WARN_UNGUARDED_AVAILABILITY = YES_AGGRESSIVE;
				CLANG_WARN_UNREACHABLE_CODE = YES;
				CLANG_WARN__DUPLICATE_METHOD_MATCH = YES;
				COPY_PHASE_STRIP = NO;
				DEBUG_INFORMATION_FORMAT = "dwarf-with-dsym";
				ENABLE_NS_ASSERTIONS = NO;
				ENABLE_STRICT_OBJC_MSGSEND = YES;
				GCC_C_LANGUAGE_STANDARD = gnu11;
				GCC_NO_COMMON_BLOCKS = YES;
				GCC_WARN_64_TO_32_BIT_CONVERSION = YES;
				GCC_WARN_ABOUT_RETURN_TYPE = YES_ERROR;
				GCC_WARN_UNDECLARED_SELECTOR = YES;
				GCC_WARN_UNINITIALIZED_AUTOS = YES_AGGRESSIVE;
				GCC_WARN_UNUSED_FUNCTION = YES;
				GCC_WARN_UNUSED_VARIABLE = YES;
				IPHONEOS_DEPLOYMENT_TARGET = 14.4;
				MTL_ENABLE_DEBUG_INFO = NO;
				MTL_FAST_MATH = YES;
				SDKROOT = iphoneos;
				SWIFT_COMPILATION_MODE = wholemodule;
				SWIFT_OPTIMIZATION_LEVEL = "-O";
				VALIDATE_PRODUCT = YES;
			};
			name = Release;
		};
		58376BE23B2A7136B7600503 /* Debug */ = {
			isa = XCBuildConfiguration;
			buildSettings = {
				ASSETCATALOG_COMPILER_APPICON_NAME = AppIcon;
				ASSETCATALOG_COMPILER_GLOBAL_ACCENT_COLOR_NAME = AccentColor;
				DEVELOPMENT_ASSET_PATHS = "\"ios-integration-example/Preview Content\"";
				ENABLE_PREVIEWS = YES;
				INFOPLIST_FILE = "ios-integration-example/Info.plist";
				IPHONEOS_DEPLOYMENT_TARGET = 14.0;
				LD_RUNPATH_SEARCH_PATHS = "$(inherited) @executable_path/Frameworks";
				PRODUCT_BUNDLE_IDENTIFIER = "trustshare.ios-integration-example";
				PRODUCT_NAME = "$(TARGET_NAME)";
				SWIFT_VERSION = 5.0;
				TARGETED_DEVICE_FAMILY = "1,2";
			};
			name = Debug;
		};
		58376DD8E17751ACA2F61EE3 /* Release */ = {
			isa = XCBuildConfiguration;
			buildSettings = {
				ASSETCATALOG_COMPILER_APPICON_NAME = AppIcon;
				ASSETCATALOG_COMPILER_GLOBAL_ACCENT_COLOR_NAME = AccentColor;
				DEVELOPMENT_ASSET_PATHS = "\"ios-integration-example/Preview Content\"";
				ENABLE_PREVIEWS = YES;
				INFOPLIST_FILE = "ios-integration-example/Info.plist";
				IPHONEOS_DEPLOYMENT_TARGET = 14.0;
				LD_RUNPATH_SEARCH_PATHS = "$(inherited) @executable_path/Frameworks";
				PRODUCT_BUNDLE_IDENTIFIER = "trustshare.ios-integration-example";
				PRODUCT_NAME = "$(TARGET_NAME)";
				SWIFT_VERSION = 5.0;
				TARGETED_DEVICE_FAMILY = "1,2";
			};
			name = Release;
		};
/* End XCBuildConfiguration section */

/* Begin XCConfigurationList section */
		58376403885101B9A92107F1 /* Build configuration list for PBXNativeTarget "ios-integration-example" */ = {
			isa = XCConfigurationList;
			buildConfigurations = (
				58376BE23B2A7136B7600503 /* Debug */,
				58376DD8E17751ACA2F61EE3 /* Release */,
			);
			defaultConfigurationIsVisible = 0;
		};
		58376D7CB7255A05B6FCAEDA /* Build configuration list for PBXProject "ios-integration-example" */ = {
			isa = XCConfigurationList;
			buildConfigurations = (
				583760BB090255A03D97A4BB /* Debug */,
				58376A4CFB3969E7520A61DB /* Release */,
			);
			defaultConfigurationIsVisible = 0;
			defaultConfigurationName = Release;
		};
/* End XCConfigurationList section */
	};
	rootObject = 5837679EE10F396D17E2E807 /* Project object */;
}
